// !$*UTF8*$!
{
	archiveVersion = 1;
	classes = {
	};
	objectVersion = 77;
	objects = {

/* Begin PBXContainerItemProxy section */
		B779F4D02E7696BE00BB6187 /* PBXContainerItemProxy */ = {
			isa = PBXContainerItemProxy;
			containerPortal = B779F4B82E7696BC00BB6187 /* Project object */;
			proxyType = 1;
			remoteGlobalIDString = B779F4BF2E7696BC00BB6187;
			remoteInfo = SimulatorsHelper;
		};
		B779F4DA2E7696BE00BB6187 /* PBXContainerItemProxy */ = {
			isa = PBXContainerItemProxy;
			containerPortal = B779F4B82E7696BC00BB6187 /* Project object */;
			proxyType = 1;
			remoteGlobalIDString = B779F4BF2E7696BC00BB6187;
			remoteInfo = SimulatorsHelper;
		};
/* End PBXContainerItemProxy section */

/* Begin PBXFileReference section */
		B779F4C02E7696BC00BB6187 /* SimulatorsHelper.app */ = {isa = PBXFileReference; explicitFileType = wrapper.application; includeInIndex = 0; path = SimulatorsHelper.app; sourceTree = BUILT_PRODUCTS_DIR; };
		B779F4CF2E7696BE00BB6187 /* SimulatorsHelperTests.xctest */ = {isa = PBXFileReference; explicitFileType = wrapper.cfbundle; includeInIndex = 0; path = SimulatorsHelperTests.xctest; sourceTree = BUILT_PRODUCTS_DIR; };
		B779F4D92E7696BE00BB6187 /* SimulatorsHelperUITests.xctest */ = {isa = PBXFileReference; explicitFileType = wrapper.cfbundle; includeInIndex = 0; path = SimulatorsHelperUITests.xctest; sourceTree = BUILT_PRODUCTS_DIR; };
/* End PBXFileReference section */

/* Begin PBXFileSystemSynchronizedRootGroup section */
		B779F4C22E7696BC00BB6187 /* SimulatorsHelper */ = {
			isa = PBXFileSystemSynchronizedRootGroup;
			path = SimulatorsHelper;
			sourceTree = "<group>";
		};
		B779F4D22E7696BE00BB6187 /* SimulatorsHelperTests */ = {
			isa = PBXFileSystemSynchronizedRootGroup;
			path = SimulatorsHelperTests;
			sourceTree = "<group>";
		};
		B779F4DC2E7696BE00BB6187 /* SimulatorsHelperUITests */ = {
			isa = PBXFileSystemSynchronizedRootGroup;
			path = SimulatorsHelperUITests;
			sourceTree = "<group>";
		};
/* End PBXFileSystemSynchronizedRootGroup section */

/* Begin PBXFrameworksBuildPhase section */
		B779F4BD2E7696BC00BB6187 /* Frameworks */ = {
			isa = PBXFrameworksBuildPhase;
			buildActionMask = 2147483647;
			files = (
			);
			runOnlyForDeploymentPostprocessing = 0;
		};
		B779F4CC2E7696BE00BB6187 /* Frameworks */ = {
			isa = PBXFrameworksBuildPhase;
			buildActionMask = 2147483647;
			files = (
			);
			runOnlyForDeploymentPostprocessing = 0;
		};
		B779F4D62E7696BE00BB6187 /* Frameworks */ = {
			isa = PBXFrameworksBuildPhase;
			buildActionMask = 2147483647;
			files = (
			);
			runOnlyForDeploymentPostprocessing = 0;
		};
/* End PBXFrameworksBuildPhase section */

/* Begin PBXGroup section */
		B779F4B72E7696BC00BB6187 = {
			isa = PBXGroup;
			children = (
				B779F4C22E7696BC00BB6187 /* SimulatorsHelper */,
				B779F4D22E7696BE00BB6187 /* SimulatorsHelperTests */,
				B779F4DC2E7696BE00BB6187 /* SimulatorsHelperUITests */,
				B779F4C12E7696BC00BB6187 /* Products */,
			);
			sourceTree = "<group>";
		};
		B779F4C12E7696BC00BB6187 /* Products */ = {
			isa = PBXGroup;
			children = (
				B779F4C02E7696BC00BB6187 /* SimulatorsHelper.app */,
				B779F4CF2E7696BE00BB6187 /* SimulatorsHelperTests.xctest */,
				B779F4D92E7696BE00BB6187 /* SimulatorsHelperUITests.xctest */,
			);
			name = Products;
			sourceTree = "<group>";
		};
/* End PBXGroup section */

/* Begin PBXNativeTarget section */
		B779F4BF2E7696BC00BB6187 /* SimulatorsHelper */ = {
			isa = PBXNativeTarget;
			buildConfigurationList = B779F4E32E7696BE00BB6187 /* Build configuration list for PBXNativeTarget "SimulatorsHelper" */;
			buildPhases = (
				B779F4BC2E7696BC00BB6187 /* Sources */,
				B779F4BD2E7696BC00BB6187 /* Frameworks */,
				B779F4BE2E7696BC00BB6187 /* Resources */,
			);
			buildRules = (
			);
			dependencies = (
			);
			fileSystemSynchronizedGroups = (
				B779F4C22E7696BC00BB6187 /* SimulatorsHelper */,
			);
			name = SimulatorsHelper;
			packageProductDependencies = (
			);
			productName = SimulatorsHelper;
			productReference = B779F4C02E7696BC00BB6187 /* SimulatorsHelper.app */;
			productType = "com.apple.product-type.application";
		};
		B779F4CE2E7696BE00BB6187 /* SimulatorsHelperTests */ = {
			isa = PBXNativeTarget;
			buildConfigurationList = B779F4E62E7696BE00BB6187 /* Build configuration list for PBXNativeTarget "SimulatorsHelperTests" */;
			buildPhases = (
				B779F4CB2E7696BE00BB6187 /* Sources */,
				B779F4CC2E7696BE00BB6187 /* Frameworks */,
				B779F4CD2E7696BE00BB6187 /* Resources */,
			);
			buildRules = (
			);
			dependencies = (
				B779F4D12E7696BE00BB6187 /* PBXTargetDependency */,
			);
			fileSystemSynchronizedGroups = (
				B779F4D22E7696BE00BB6187 /* SimulatorsHelperTests */,
			);
			name = SimulatorsHelperTests;
			packageProductDependencies = (
			);
			productName = SimulatorsHelperTests;
			productReference = B779F4CF2E7696BE00BB6187 /* SimulatorsHelperTests.xctest */;
			productType = "com.apple.product-type.bundle.unit-test";
		};
		B779F4D82E7696BE00BB6187 /* SimulatorsHelperUITests */ = {
			isa = PBXNativeTarget;
			buildConfigurationList = B779F4E92E7696BE00BB6187 /* Build configuration list for PBXNativeTarget "SimulatorsHelperUITests" */;
			buildPhases = (
				B779F4D52E7696BE00BB6187 /* Sources */,
				B779F4D62E7696BE00BB6187 /* Frameworks */,
				B779F4D72E7696BE00BB6187 /* Resources */,
			);
			buildRules = (
			);
			dependencies = (
				B779F4DB2E7696BE00BB6187 /* PBXTargetDependency */,
			);
			fileSystemSynchronizedGroups = (
				B779F4DC2E7696BE00BB6187 /* SimulatorsHelperUITests */,
			);
			name = SimulatorsHelperUITests;
			packageProductDependencies = (
			);
			productName = SimulatorsHelperUITests;
			productReference = B779F4D92E7696BE00BB6187 /* SimulatorsHelperUITests.xctest */;
			productType = "com.apple.product-type.bundle.ui-testing";
		};
/* End PBXNativeTarget section */

/* Begin PBXProject section */
		B779F4B82E7696BC00BB6187 /* Project object */ = {
			isa = PBXProject;
			attributes = {
				BuildIndependentTargetsInParallel = 1;
				LastSwiftUpdateCheck = 2600;
				LastUpgradeCheck = 2600;
				TargetAttributes = {
					B779F4BF2E7696BC00BB6187 = {
						CreatedOnToolsVersion = 26.0;
					};
					B779F4CE2E7696BE00BB6187 = {
						CreatedOnToolsVersion = 26.0;
						TestTargetID = B779F4BF2E7696BC00BB6187;
					};
					B779F4D82E7696BE00BB6187 = {
						CreatedOnToolsVersion = 26.0;
						TestTargetID = B779F4BF2E7696BC00BB6187;
					};
				};
			};
			buildConfigurationList = B779F4BB2E7696BC00BB6187 /* Build configuration list for PBXProject "SimulatorsHelper" */;
			developmentRegion = en;
			hasScannedForEncodings = 0;
			knownRegions = (
				en,
				Base,
			);
			mainGroup = B779F4B72E7696BC00BB6187;
			minimizedProjectReferenceProxies = 1;
			preferredProjectObjectVersion = 77;
			productRefGroup = B779F4C12E7696BC00BB6187 /* Products */;
			projectDirPath = "";
			projectRoot = "";
			targets = (
				B779F4BF2E7696BC00BB6187 /* SimulatorsHelper */,
				B779F4CE2E7696BE00BB6187 /* SimulatorsHelperTests */,
				B779F4D82E7696BE00BB6187 /* SimulatorsHelperUITests */,
			);
		};
/* End PBXProject section */

/* Begin PBXResourcesBuildPhase section */
		B779F4BE2E7696BC00BB6187 /* Resources */ = {
			isa = PBXResourcesBuildPhase;
			buildActionMask = 2147483647;
			files = (
			);
			runOnlyForDeploymentPostprocessing = 0;
		};
		B779F4CD2E7696BE00BB6187 /* Resources */ = {
			isa = PBXResourcesBuildPhase;
			buildActionMask = 2147483647;
			files = (
			);
			runOnlyForDeploymentPostprocessing = 0;
		};
		B779F4D72E7696BE00BB6187 /* Resources */ = {
			isa = PBXResourcesBuildPhase;
			buildActionMask = 2147483647;
			files = (
			);
			runOnlyForDeploymentPostprocessing = 0;
		};
/* End PBXResourcesBuildPhase section */

/* Begin PBXSourcesBuildPhase section */
		B779F4BC2E7696BC00BB6187 /* Sources */ = {
			isa = PBXSourcesBuildPhase;
			buildActionMask = 2147483647;
			files = (
			);
			runOnlyForDeploymentPostprocessing = 0;
		};
		B779F4CB2E7696BE00BB6187 /* Sources */ = {
			isa = PBXSourcesBuildPhase;
			buildActionMask = 2147483647;
			files = (
			);
			runOnlyForDeploymentPostprocessing = 0;
		};
		B779F4D52E7696BE00BB6187 /* Sources */ = {
			isa = PBXSourcesBuildPhase;
			buildActionMask = 2147483647;
			files = (
			);
			runOnlyForDeploymentPostprocessing = 0;
		};
/* End PBXSourcesBuildPhase section */

/* Begin PBXTargetDependency section */
		B779F4D12E7696BE00BB6187 /* PBXTargetDependency */ = {
			isa = PBXTargetDependency;
			target = B779F4BF2E7696BC00BB6187 /* SimulatorsHelper */;
			targetProxy = B779F4D02E7696BE00BB6187 /* PBXContainerItemProxy */;
		};
		B779F4DB2E7696BE00BB6187 /* PBXTargetDependency */ = {
			isa = PBXTargetDependency;
			target = B779F4BF2E7696BC00BB6187 /* SimulatorsHelper */;
			targetProxy = B779F4DA2E7696BE00BB6187 /* PBXContainerItemProxy */;
		};
/* End PBXTargetDependency section */

/* Begin XCBuildConfiguration section */
		B779F4E12E7696BE00BB6187 /* Debug */ = {
			isa = XCBuildConfiguration;
			buildSettings = {
				ALWAYS_SEARCH_USER_PATHS = NO;
				ASSETCATALOG_COMPILER_GENERATE_SWIFT_ASSET_SYMBOL_EXTENSIONS = YES;
				CLANG_ANALYZER_NONNULL = YES;
				CLANG_ANALYZER_NUMBER_OBJECT_CONVERSION = YES_AGGRESSIVE;
				CLANG_CXX_LANGUAGE_STANDARD = "gnu++20";
				CLANG_ENABLE_MODULES = YES;
				CLANG_ENABLE_OBJC_ARC = YES;
				CLANG_ENABLE_OBJC_WEAK = YES;
				CLANG_WARN_BLOCK_CAPTURE_AUTORELEASING = YES;
				CLANG_WARN_BOOL_CONVERSION = YES;
				CLANG_WARN_COMMA = YES;
				CLANG_WARN_CONSTANT_CONVERSION = YES;
				CLANG_WARN_DEPRECATED_OBJC_IMPLEMENTATIONS = YES;
				CLANG_WARN_DIRECT_OBJC_ISA_USAGE = YES_ERROR;
				CLANG_WARN_DOCUMENTATION_COMMENTS = YES;
				CLANG_WARN_EMPTY_BODY = YES;
				CLANG_WARN_ENUM_CONVERSION = YES;
				CLANG_WARN_INFINITE_RECURSION = YES;
				CLANG_WARN_INT_CONVERSION = YES;
				CLANG_WARN_NON_LITERAL_NULL_CONVERSION = YES;
				CLANG_WARN_OBJC_IMPLICIT_RETAIN_SELF = YES;
				CLANG_WARN_OBJC_LITERAL_CONVERSION = YES;
				CLANG_WARN_OBJC_ROOT_CLASS = YES_ERROR;
				CLANG_WARN_QUOTED_INCLUDE_IN_FRAMEWORK_HEADER = YES;
				CLANG_WARN_RANGE_LOOP_ANALYSIS = YES;
				CLANG_WARN_STRICT_PROTOTYPES = YES;
				CLANG_WARN_SUSPICIOUS_MOVE = YES;
				CLANG_WARN_UNGUARDED_AVAILABILITY = YES_AGGRESSIVE;
				CLANG_WARN_UNREACHABLE_CODE = YES;
				CLANG_WARN__DUPLICATE_METHOD_MATCH = YES;
				COPY_PHASE_STRIP = NO;
				DEBUG_INFORMATION_FORMAT = dwarf;
				ENABLE_STRICT_OBJC_MSGSEND = YES;
				ENABLE_TESTABILITY = YES;
				ENABLE_USER_SCRIPT_SANDBOXING = YES;
				GCC_C_LANGUAGE_STANDARD = gnu17;
				GCC_DYNAMIC_NO_PIC = NO;
				GCC_NO_COMMON_BLOCKS = YES;
				GCC_OPTIMIZATION_LEVEL = 0;
				GCC_PREPROCESSOR_DEFINITIONS = (
					"DEBUG=1",
					"$(inherited)",
				);
				GCC_WARN_64_TO_32_BIT_CONVERSION = YES;
				GCC_WARN_ABOUT_RETURN_TYPE = YES_ERROR;
				GCC_WARN_UNDECLARED_SELECTOR = YES;
				GCC_WARN_UNINITIALIZED_AUTOS = YES_AGGRESSIVE;
				GCC_WARN_UNUSED_FUNCTION = YES;
				GCC_WARN_UNUSED_VARIABLE = YES;
				LOCALIZATION_PREFERS_STRING_CATALOGS = YES;
				MACOSX_DEPLOYMENT_TARGET = 26.0;
				MTL_ENABLE_DEBUG_INFO = INCLUDE_SOURCE;
				MTL_FAST_MATH = YES;
				ONLY_ACTIVE_ARCH = YES;
				SDKROOT = macosx;
				SWIFT_ACTIVE_COMPILATION_CONDITIONS = "DEBUG $(inherited)";
				SWIFT_OPTIMIZATION_LEVEL = "-Onone";
			};
			name = Debug;
		};
		B779F4E22E7696BE00BB6187 /* Release */ = {
			isa = XCBuildConfiguration;
			buildSettings = {
				ALWAYS_SEARCH_USER_PATHS = NO;
				ASSETCATALOG_COMPILER_GENERATE_SWIFT_ASSET_SYMBOL_EXTENSIONS = YES;
				CLANG_ANALYZER_NONNULL = YES;
				CLANG_ANALYZER_NUMBER_OBJECT_CONVERSION = YES_AGGRESSIVE;
				CLANG_CXX_LANGUAGE_STANDARD = "gnu++20";
				CLANG_ENABLE_MODULES = YES;
				CLANG_ENABLE_OBJC_ARC = YES;
				CLANG_ENABLE_OBJC_WEAK = YES;
				CLANG_WARN_BLOCK_CAPTURE_AUTORELEASING = YES;
				CLANG_WARN_BOOL_CONVERSION = YES;
				CLANG_WARN_COMMA = YES;
				CLANG_WARN_CONSTANT_CONVERSION = YES;
				CLANG_WARN_DEPRECATED_OBJC_IMPLEMENTATIONS = YES;
				CLANG_WARN_DIRECT_OBJC_ISA_USAGE = YES_ERROR;
				CLANG_WARN_DOCUMENTATION_COMMENTS = YES;
				CLANG_WARN_EMPTY_BODY = YES;
				CLANG_WARN_ENUM_CONVERSION = YES;
				CLANG_WARN_INFINITE_RECURSION = YES;
				CLANG_WARN_INT_CONVERSION = YES;
				CLANG_WARN_NON_LITERAL_NULL_CONVERSION = YES;
				CLANG_WARN_OBJC_IMPLICIT_RETAIN_SELF = YES;
				CLANG_WARN_OBJC_LITERAL_CONVERSION = YES;
				CLANG_WARN_OBJC_ROOT_CLASS = YES_ERROR;
				CLANG_WARN_QUOTED_INCLUDE_IN_FRAMEWORK_HEADER = YES;
				CLANG_WARN_RANGE_LOOP_ANALYSIS = YES;
				CLANG_WARN_STRICT_PROTOTYPES = YES;
				CLANG_WARN_SUSPICIOUS_MOVE = YES;
				CLANG_WARN_UNGUARDED_AVAILABILITY = YES_AGGRESSIVE;
				CLANG_WARN_UNREACHABLE_CODE = YES;
				CLANG_WARN__DUPLICATE_METHOD_MATCH = YES;
				COPY_PHASE_STRIP = NO;
				DEBUG_INFORMATION_FORMAT = "dwarf-with-dsym";
				ENABLE_NS_ASSERTIONS = NO;
				ENABLE_STRICT_OBJC_MSGSEND = YES;
				ENABLE_USER_SCRIPT_SANDBOXING = YES;
				GCC_C_LANGUAGE_STANDARD = gnu17;
				GCC_NO_COMMON_BLOCKS = YES;
				GCC_WARN_64_TO_32_BIT_CONVERSION = YES;
				GCC_WARN_ABOUT_RETURN_TYPE = YES_ERROR;
				GCC_WARN_UNDECLARED_SELECTOR = YES;
				GCC_WARN_UNINITIALIZED_AUTOS = YES_AGGRESSIVE;
				GCC_WARN_UNUSED_FUNCTION = YES;
				GCC_WARN_UNUSED_VARIABLE = YES;
				LOCALIZATION_PREFERS_STRING_CATALOGS = YES;
				MACOSX_DEPLOYMENT_TARGET = 26.0;
				MTL_ENABLE_DEBUG_INFO = NO;
				MTL_FAST_MATH = YES;
				SDKROOT = macosx;
				SWIFT_COMPILATION_MODE = wholemodule;
			};
			name = Release;
		};
		B779F4E42E7696BE00BB6187 /* Debug */ = {
			isa = XCBuildConfiguration;
			buildSettings = {
				ASSETCATALOG_COMPILER_APPICON_NAME = AppIcon;
				ASSETCATALOG_COMPILER_GLOBAL_ACCENT_COLOR_NAME = AccentColor;
				CODE_SIGN_STYLE = Automatic;
				COMBINE_HIDPI_IMAGES = YES;
				CURRENT_PROJECT_VERSION = 1;
				ENABLE_APP_SANDBOX = YES;
				ENABLE_PREVIEWS = YES;
				ENABLE_USER_SELECTED_FILES = readonly;
				GENERATE_INFOPLIST_FILE = YES;
				INFOPLIST_KEY_NSHumanReadableCopyright = "";
				LD_RUNPATH_SEARCH_PATHS = (
					"$(inherited)",
					"@executable_path/../Frameworks",
				);
				MARKETING_VERSION = 1.0;
				PRODUCT_BUNDLE_IDENTIFIER = com.saurabh.SimulatorsHelper;
				PRODUCT_NAME = "$(TARGET_NAME)";
				REGISTER_APP_GROUPS = YES;
				STRING_CATALOG_GENERATE_SYMBOLS = YES;
				SWIFT_APPROACHABLE_CONCURRENCY = YES;
				SWIFT_DEFAULT_ACTOR_ISOLATION = MainActor;
				SWIFT_EMIT_LOC_STRINGS = YES;
				SWIFT_UPCOMING_FEATURE_MEMBER_IMPORT_VISIBILITY = YES;
				SWIFT_VERSION = 5.0;
			};
			name = Debug;
		};
		B779F4E52E7696BE00BB6187 /* Release */ = {
			isa = XCBuildConfiguration;
			buildSettings = {
				ASSETCATALOG_COMPILER_APPICON_NAME = AppIcon;
				ASSETCATALOG_COMPILER_GLOBAL_ACCENT_COLOR_NAME = AccentColor;
				CODE_SIGN_STYLE = Automatic;
				COMBINE_HIDPI_IMAGES = YES;
				CURRENT_PROJECT_VERSION = 1;
				ENABLE_APP_SANDBOX = YES;
				ENABLE_PREVIEWS = YES;
				ENABLE_USER_SELECTED_FILES = readonly;
				GENERATE_INFOPLIST_FILE = YES;
				INFOPLIST_KEY_NSHumanReadableCopyright = "";
				LD_RUNPATH_SEARCH_PATHS = (
					"$(inherited)",
					"@executable_path/../Frameworks",
				);
				MARKETING_VERSION = 1.0;
				PRODUCT_BUNDLE_IDENTIFIER = com.saurabh.SimulatorsHelper;
				PRODUCT_NAME = "$(TARGET_NAME)";
				REGISTER_APP_GROUPS = YES;
				STRING_CATALOG_GENERATE_SYMBOLS = YES;
				SWIFT_APPROACHABLE_CONCURRENCY = YES;
				SWIFT_DEFAULT_ACTOR_ISOLATION = MainActor;
				SWIFT_EMIT_LOC_STRINGS = YES;
				SWIFT_UPCOMING_FEATURE_MEMBER_IMPORT_VISIBILITY = YES;
				SWIFT_VERSION = 5.0;
			};
			name = Release;
		};
		B779F4E72E7696BE00BB6187 /* Debug */ = {
			isa = XCBuildConfiguration;
			buildSettings = {
				BUNDLE_LOADER = "$(TEST_HOST)";
				CODE_SIGN_STYLE = Automatic;
				CURRENT_PROJECT_VERSION = 1;
				GENERATE_INFOPLIST_FILE = YES;
				MACOSX_DEPLOYMENT_TARGET = 26.0;
				MARKETING_VERSION = 1.0;
				PRODUCT_BUNDLE_IDENTIFIER = com.saurabh.SimulatorsHelperTests;
				PRODUCT_NAME = "$(TARGET_NAME)";
				STRING_CATALOG_GENERATE_SYMBOLS = NO;
				SWIFT_APPROACHABLE_CONCURRENCY = YES;
				SWIFT_EMIT_LOC_STRINGS = NO;
				SWIFT_UPCOMING_FEATURE_MEMBER_IMPORT_VISIBILITY = YES;
				SWIFT_VERSION = 5.0;
				TEST_HOST = "$(BUILT_PRODUCTS_DIR)/SimulatorsHelper.app/$(BUNDLE_EXECUTABLE_FOLDER_PATH)/SimulatorsHelper";
			};
			name = Debug;
		};
		B779F4E82E7696BE00BB6187 /* Release */ = {
			isa = XCBuildConfiguration;
			buildSettings = {
				BUNDLE_LOADER = "$(TEST_HOST)";
				CODE_SIGN_STYLE = Automatic;
				CURRENT_PROJECT_VERSION = 1;
				GENERATE_INFOPLIST_FILE = YES;
				MACOSX_DEPLOYMENT_TARGET = 26.0;
				MARKETING_VERSION = 1.0;
				PRODUCT_BUNDLE_IDENTIFIER = com.saurabh.SimulatorsHelperTests;
				PRODUCT_NAME = "$(TARGET_NAME)";
				STRING_CATALOG_GENERATE_SYMBOLS = NO;
				SWIFT_APPROACHABLE_CONCURRENCY = YES;
				SWIFT_EMIT_LOC_STRINGS = NO;
				SWIFT_UPCOMING_FEATURE_MEMBER_IMPORT_VISIBILITY = YES;
				SWIFT_VERSION = 5.0;
				TEST_HOST = "$(BUILT_PRODUCTS_DIR)/SimulatorsHelper.app/$(BUNDLE_EXECUTABLE_FOLDER_PATH)/SimulatorsHelper";
			};
			name = Release;
		};
		B779F4EA2E7696BE00BB6187 /* Debug */ = {
			isa = XCBuildConfiguration;
			buildSettings = {
				CODE_SIGN_STYLE = Automatic;
				CURRENT_PROJECT_VERSION = 1;
				GENERATE_INFOPLIST_FILE = YES;
				MARKETING_VERSION = 1.0;
				PRODUCT_BUNDLE_IDENTIFIER = com.saurabh.SimulatorsHelperUITests;
				PRODUCT_NAME = "$(TARGET_NAME)";
				STRING_CATALOG_GENERATE_SYMBOLS = NO;
				SWIFT_APPROACHABLE_CONCURRENCY = YES;
				SWIFT_EMIT_LOC_STRINGS = NO;
				SWIFT_UPCOMING_FEATURE_MEMBER_IMPORT_VISIBILITY = YES;
				SWIFT_VERSION = 5.0;
				TEST_TARGET_NAME = SimulatorsHelper;
			};
			name = Debug;
		};
		B779F4EB2E7696BE00BB6187 /* Release */ = {
			isa = XCBuildConfiguration;
			buildSettings = {
				CODE_SIGN_STYLE = Automatic;
				CURRENT_PROJECT_VERSION = 1;
				GENERATE_INFOPLIST_FILE = YES;
				MARKETING_VERSION = 1.0;
				PRODUCT_BUNDLE_IDENTIFIER = com.saurabh.SimulatorsHelperUITests;
				PRODUCT_NAME = "$(TARGET_NAME)";
				STRING_CATALOG_GENERATE_SYMBOLS = NO;
				SWIFT_APPROACHABLE_CONCURRENCY = YES;
				SWIFT_EMIT_LOC_STRINGS = NO;
				SWIFT_UPCOMING_FEATURE_MEMBER_IMPORT_VISIBILITY = YES;
				SWIFT_VERSION = 5.0;
				TEST_TARGET_NAME = SimulatorsHelper;
			};
			name = Release;
		};
/* End XCBuildConfiguration section */

/* Begin XCConfigurationList section */
		B779F4BB2E7696BC00BB6187 /* Build configuration list for PBXProject "SimulatorsHelper" */ = {
			isa = XCConfigurationList;
			buildConfigurations = (
				B779F4E12E7696BE00BB6187 /* Debug */,
				B779F4E22E7696BE00BB6187 /* Release */,
			);
			defaultConfigurationIsVisible = 0;
			defaultConfigurationName = Release;
		};
		B779F4E32E7696BE00BB6187 /* Build configuration list for PBXNativeTarget "SimulatorsHelper" */ = {
			isa = XCConfigurationList;
			buildConfigurations = (
				B779F4E42E7696BE00BB6187 /* Debug */,
				B779F4E52E7696BE00BB6187 /* Release */,
			);
			defaultConfigurationIsVisible = 0;
			defaultConfigurationName = Release;
		};
		B779F4E62E7696BE00BB6187 /* Build configuration list for PBXNativeTarget "SimulatorsHelperTests" */ = {
			isa = XCConfigurationList;
			buildConfigurations = (
				B779F4E72E7696BE00BB6187 /* Debug */,
				B779F4E82E7696BE00BB6187 /* Release */,
			);
			defaultConfigurationIsVisible = 0;
			defaultConfigurationName = Release;
		};
		B779F4E92E7696BE00BB6187 /* Build configuration list for PBXNativeTarget "SimulatorsHelperUITests" */ = {
			isa = XCConfigurationList;
			buildConfigurations = (
				B779F4EA2E7696BE00BB6187 /* Debug */,
				B779F4EB2E7696BE00BB6187 /* Release */,
			);
			defaultConfigurationIsVisible = 0;
			defaultConfigurationName = Release;
		};
/* End XCConfigurationList section */
	};
	rootObject = B779F4B82E7696BC00BB6187 /* Project object */;
}
